# THIS IS AN AUTOGENERATED FILE. DO NOT EDIT THIS FILE DIRECTLY.
# yarn lockfile v1


ajv@^6.1.1:
  version "6.5.0"
  resolved "https://registry.yarnpkg.com/ajv/-/ajv-6.5.0.tgz#4c8affdf80887d8f132c9c52ab8a2dc4d0b7b24c"
  dependencies:
    fast-deep-equal "^2.0.1"
    fast-json-stable-stringify "^2.0.0"
    json-schema-traverse "^0.3.0"
    uri-js "^4.2.1"

bluebird@^3.5.1:
  version "3.5.1"
  resolved "https://registry.yarnpkg.com/bluebird/-/bluebird-3.5.1.tgz#d9551f9de98f1fcda1e683d17ee91a0602ee2eb9"

fast-deep-equal@^2.0.1:
  version "2.0.1"
  resolved "https://registry.yarnpkg.com/fast-deep-equal/-/fast-deep-equal-2.0.1.tgz#7b05218ddf9667bf7f370bf7fdb2cb15fdd0aa49"

fast-json-stable-stringify@^2.0.0:
  version "2.0.0"
  resolved "https://registry.yarnpkg.com/fast-json-stable-stringify/-/fast-json-stable-stringify-2.0.0.tgz#d5142c0caee6b1189f87d3a76111064f86c8bbf2"

json-schema-traverse@^0.3.0:
  version "0.3.1"
  resolved "https://registry.yarnpkg.com/json-schema-traverse/-/json-schema-traverse-0.3.1.tgz#349a6d44c53a51de89b40805c5d5e59b417d3340"

lodash@^4.17.4:
  version "4.17.10"
  resolved "https://registry.yarnpkg.com/lodash/-/lodash-4.17.10.tgz#1b7793cf7259ea38fb3661d4d38b3260af8ae4e7"

objection@^1.1.8:
  version "1.1.8"
  resolved "https://registry.yarnpkg.com/objection/-/objection-1.1.8.tgz#2a4c57c0e228430a8845623be931bb90d96fde38"
  dependencies:
    ajv "^6.1.1"
    bluebird "^3.5.1"
    lodash "^4.17.4"

punycode@^2.1.0:
  version "2.1.0"
  resolved "https://registry.yarnpkg.com/punycode/-/punycode-2.1.0.tgz#5f863edc89b96db09074bad7947bf09056ca4e7d"

require-dir@^1.0.0:
  version "1.0.0"
  resolved "https://registry.yarnpkg.com/require-dir/-/require-dir-1.0.0.tgz#c2639de72960ea1ee280279f2da35e03c6536b2d"

uri-js@^4.2.1:
  version "4.2.1"
  resolved "https://registry.yarnpkg.com/uri-js/-/uri-js-4.2.1.tgz#4595a80a51f356164e22970df64c7abd6ade9850"
  dependencies:
    punycode "^2.1.0"

urijs@^1.19.1:
  version "1.19.1"
  resolved "https://registry.yarnpkg.com/urijs/-/urijs-1.19.1.tgz#5b0ff530c0cbde8386f6342235ba5ca6e995d25a"
